
Microsoft Visual Studio Solution File, Format Version 12.00
# Visual Studio Version 17
VisualStudioVersion = 17.0.31521.260
MinimumVisualStudioVersion = 10.0.40219.1
Project("{FAE04EC0-301F-11D3-BF4B-00C04F79EFBC}") = "Factorization", "WindowsFormsApp2\Factorization.csproj", "{79F1E4B0-2962-44CB-8706-854F4FFD3E92}"
EndProject
Global
	GlobalSection(SolutionConfigurationPlatforms) = preSolution
		Debug|Any CPU = Debug|Any CPU
		Release|Any CPU = Release|Any CPU
	EndGlobalSection
	GlobalSection(ProjectConfigurationPlatforms) = postSolution
		{79F1E4B0-2962-44CB-8706-854F4FFD3E92}.Debug|Any CPU.ActiveCfg = Debug|Any CPU
		{79F1E4B0-2962-44CB-8706-854F4FFD3E92}.Debug|Any CPU.Build.0 = Debug|Any CPU
		{79F1E4B0-2962-44CB-8706-854F4FFD3E92}.Release|Any CPU.ActiveCfg = Release|Any CPU
		{79F1E4B0-2962-44CB-8706-854F4FFD3E92}.Release|Any CPU.Build.0 = Release|Any CPU
	EndGlobalSection
	GlobalSection(SolutionProperties) = preSolution
		HideSolutionNode = FALSE
	EndGlobalSection
	GlobalSection(ExtensibilityGlobals) = postSolution
		SolutionGuid = {A7AB049D-B132-43BA-843D-081DB96A19D8}
	EndGlobalSection
EndGlobal
